
Microsoft Visual Studio Solution File, Format Version 12.00
# Visual Studio Version 16
VisualStudioVersion = 16.0.31515.178
MinimumVisualStudioVersion = 10.0.40219.1
Project("{FAE04EC0-301F-11D3-BF4B-00C04F79EFBC}") = "Logic_algorithms", "Logic_algorithms\Logic_algorithms.csproj", "{A935592C-FCF2-4F04-9329-3683146E731D}"
EndProject
Project("{FAE04EC0-301F-11D3-BF4B-00C04F79EFBC}") = "Logic_algorithmsTests", "Logic_algorithmsTests\Logic_algorithmsTests.csproj", "{9E13CE3B-26B5-44AA-AD51-C6159DF5EACB}"
EndProject
Global
	GlobalSection(SolutionConfigurationPlatforms) = preSolution
		Debug|Any CPU = Debug|Any CPU
		Release|Any CPU = Release|Any CPU
	EndGlobalSection
	GlobalSection(ProjectConfigurationPlatforms) = postSolution
		{A935592C-FCF2-4F04-9329-3683146E731D}.Debug|Any CPU.ActiveCfg = Debug|Any CPU
		{A935592C-FCF2-4F04-9329-3683146E731D}.Debug|Any CPU.Build.0 = Debug|Any CPU
		{A935592C-FCF2-4F04-9329-3683146E731D}.Release|Any CPU.ActiveCfg = Release|Any CPU
		{A935592C-FCF2-4F04-9329-3683146E731D}.Release|Any CPU.Build.0 = Release|Any CPU
		{9E13CE3B-26B5-44AA-AD51-C6159DF5EACB}.Debug|Any CPU.ActiveCfg = Debug|Any CPU
		{9E13CE3B-26B5-44AA-AD51-C6159DF5EACB}.Debug|Any CPU.Build.0 = Debug|Any CPU
		{9E13CE3B-26B5-44AA-AD51-C6159DF5EACB}.Release|Any CPU.ActiveCfg = Release|Any CPU
		{9E13CE3B-26B5-44AA-AD51-C6159DF5EACB}.Release|Any CPU.Build.0 = Release|Any CPU
	EndGlobalSection
	GlobalSection(SolutionProperties) = preSolution
		HideSolutionNode = FALSE
	EndGlobalSection
	GlobalSection(ExtensibilityGlobals) = postSolution
		SolutionGuid = {29240A6C-C9D3-4402-A285-3505FC91A92F}
	EndGlobalSection
EndGlobal
